{
  "name": "@atlantis/composables",
  "version": "1.0.0",
  "lockfileVersion": 2,
  "requires": true,
  "packages": {
    "": {
      "name": "@atlantis/composables",
      "version": "1.0.0",
      "license": "MIT",
      "dependencies": {
        "lodash.throttle": "^4.1.1",
        "resize-observer-polyfill": "^1.5.1"
      },
      "peerDependencies": {
        "vue": "^3.0.10"
      }
    },
    "node_modules/@babel/helper-validator-identifier": {
      "version": "7.12.11",
      "resolved": "https://registry.npm.taobao.org/@babel/helper-validator-identifier/download/@babel/helper-validator-identifier-7.12.11.tgz",
      "integrity": "sha1-yaHwIZF9y1zPDU5FPjmQIpgfye0=",
      "peer": true
    },
    "node_modules/@babel/parser": {
      "version": "7.13.13",
      "resolved": "https://registry.npm.taobao.org/@babel/parser/download/@babel/parser-7.13.13.tgz?cache=0&sync_timestamp=1616794236818&other_urls=https%3A%2F%2Fregistry.npm.taobao.org%2F%40babel%2Fparser%2Fdownload%2F%40babel%2Fparser-7.13.13.tgz",
      "integrity": "sha1-QvA4YvSu1QRh5UMnCRa0fdUB8N8=",
      "peer": true,
      "bin": {
        "parser": "bin/babel-parser.js"
      },
      "engines": {
        "node": ">=6.0.0"
      }
    },
    "node_modules/@babel/types": {
      "version": "7.13.14",
      "resolved": "https://registry.npm.taobao.org/@babel/types/download/@babel/types-7.13.14.tgz?cache=0&sync_timestamp=1617027492729&other_urls=https%3A%2F%2Fregistry.npm.taobao.org%2F%40babel%2Ftypes%2Fdownload%2F%40babel%2Ftypes-7.13.14.tgz",
      "integrity": "sha1-w1pKuxXHzUWidG14qzKONiy6zg0=",
      "peer": true,
      "dependencies": {
        "@babel/helper-validator-identifier": "^7.12.11",
        "lodash": "^4.17.19",
        "to-fast-properties": "^2.0.0"
      }
    },
    "node_modules/@vue/compiler-core": {
      "version": "3.0.11",
      "resolved": "https://registry.npm.taobao.org/@vue/compiler-core/download/@vue/compiler-core-3.0.11.tgz",
      "integrity": "sha1-XvV55G17M2uHNSKHWNHCxQWq5po=",
      "peer": true,
      "dependencies": {
        "@babel/parser": "^7.12.0",
        "@babel/types": "^7.12.0",
        "@vue/shared": "3.0.11",
        "estree-walker": "^2.0.1",
        "source-map": "^0.6.1"
      }
    },
    "node_modules/@vue/compiler-dom": {
      "version": "3.0.11",
      "resolved": "https://registry.npm.taobao.org/@vue/compiler-dom/download/@vue/compiler-dom-3.0.11.tgz",
      "integrity": "sha1-sV/ByQk3H9ZxdGAgulW12rSnMO4=",
      "peer": true,
      "dependencies": {
        "@vue/compiler-core": "3.0.11",
        "@vue/shared": "3.0.11"
      }
    },
    "node_modules/@vue/reactivity": {
      "version": "3.0.11",
      "resolved": "https://registry.npm.taobao.org/@vue/reactivity/download/@vue/reactivity-3.0.11.tgz",
      "integrity": "sha1-B7WINJ/QViaxfzUAy+99S9tNvQs=",
      "peer": true,
      "dependencies": {
        "@vue/shared": "3.0.11"
      }
    },
    "node_modules/@vue/runtime-core": {
      "version": "3.0.11",
      "resolved": "https://registry.npm.taobao.org/@vue/runtime-core/download/@vue/runtime-core-3.0.11.tgz",
      "integrity": "sha1-xS38as8yFUk2I1UsHCkZCAxWLkQ=",
      "peer": true,
      "dependencies": {
        "@vue/reactivity": "3.0.11",
        "@vue/shared": "3.0.11"
      }
    },
    "node_modules/@vue/runtime-dom": {
      "version": "3.0.11",
      "resolved": "https://registry.npm.taobao.org/@vue/runtime-dom/download/@vue/runtime-dom-3.0.11.tgz",
      "integrity": "sha1-elUt8hkHlCch/raWHEGOIippkzc=",
      "peer": true,
      "dependencies": {
        "@vue/runtime-core": "3.0.11",
        "@vue/shared": "3.0.11",
        "csstype": "^2.6.8"
      }
    },
    "node_modules/@vue/shared": {
      "version": "3.0.11",
      "resolved": "https://registry.npm.taobao.org/@vue/shared/download/@vue/shared-3.0.11.tgz",
      "integrity": "sha1-INIt0Np9NYuyHBf5vehigVJkLHc=",
      "peer": true
    },
    "node_modules/csstype": {
      "version": "2.6.16",
      "resolved": "https://registry.npm.taobao.org/csstype/download/csstype-2.6.16.tgz?cache=0&sync_timestamp=1614159885468&other_urls=https%3A%2F%2Fregistry.npm.taobao.org%2Fcsstype%2Fdownload%2Fcsstype-2.6.16.tgz",
      "integrity": "sha1-VE1p9UcBO4WkDRW/912zjzT+nDk=",
      "peer": true
    },
    "node_modules/estree-walker": {
      "version": "2.0.2",
      "resolved": "https://registry.npm.taobao.org/estree-walker/download/estree-walker-2.0.2.tgz",
      "integrity": "sha1-UvAQF4wqTBF6d1fP6UKtt9LaTKw=",
      "peer": true
    },
    "node_modules/lodash": {
      "version": "4.17.21",
      "resolved": "https://registry.npm.taobao.org/lodash/download/lodash-4.17.21.tgz",
      "integrity": "sha1-Z5WRxWTDv/quhFTPCz3zcMPWkRw=",
      "peer": true
    },
    "node_modules/lodash.throttle": {
      "version": "4.1.1",
      "resolved": "https://registry.npm.taobao.org/lodash.throttle/download/lodash.throttle-4.1.1.tgz",
      "integrity": "sha1-wj6RtxAkKscMN/HhzaknTMOb8vQ="
    },
    "node_modules/resize-observer-polyfill": {
      "version": "1.5.1",
      "resolved": "https://registry.npm.taobao.org/resize-observer-polyfill/download/resize-observer-polyfill-1.5.1.tgz",
      "integrity": "sha1-DpAg3T0hAkRY1OvSfiPkAmmBBGQ="
    },
    "node_modules/source-map": {
      "version": "0.6.1",
      "resolved": "https://registry.npm.taobao.org/source-map/download/source-map-0.6.1.tgz",
      "integrity": "sha1-dHIq8y6WFOnCh6jQu95IteLxomM=",
      "peer": true,
      "engines": {
        "node": ">=0.10.0"
      }
    },
    "node_modules/to-fast-properties": {
      "version": "2.0.0",
      "resolved": "https://registry.npm.taobao.org/to-fast-properties/download/to-fast-properties-2.0.0.tgz",
      "integrity": "sha1-3F5pjL0HkmW8c+A3doGk5Og/YW4=",
      "peer": true,
      "engines": {
        "node": ">=4"
      }
    },
    "node_modules/vue": {
      "version": "3.0.11",
      "resolved": "https://registry.npm.taobao.org/vue/download/vue-3.0.11.tgz",
      "integrity": "sha1-yC+VlMv03MhpJB1MjdPgjZqPS18=",
      "peer": true,
      "dependencies": {
        "@vue/compiler-dom": "3.0.11",
        "@vue/runtime-dom": "3.0.11",
        "@vue/shared": "3.0.11"
      }
    }
  },
  "dependencies": {
    "@babel/helper-validator-identifier": {
      "version": "7.12.11",
      "resolved": "https://registry.npm.taobao.org/@babel/helper-validator-identifier/download/@babel/helper-validator-identifier-7.12.11.tgz",
      "integrity": "sha1-yaHwIZF9y1zPDU5FPjmQIpgfye0=",
      "peer": true
    },
    "@babel/parser": {
      "version": "7.13.13",
      "resolved": "https://registry.npm.taobao.org/@babel/parser/download/@babel/parser-7.13.13.tgz?cache=0&sync_timestamp=1616794236818&other_urls=https%3A%2F%2Fregistry.npm.taobao.org%2F%40babel%2Fparser%2Fdownload%2F%40babel%2Fparser-7.13.13.tgz",
      "integrity": "sha1-QvA4YvSu1QRh5UMnCRa0fdUB8N8=",
      "peer": true
    },
    "@babel/types": {
      "version": "7.13.14",
      "resolved": "https://registry.npm.taobao.org/@babel/types/download/@babel/types-7.13.14.tgz?cache=0&sync_timestamp=1617027492729&other_urls=https%3A%2F%2Fregistry.npm.taobao.org%2F%40babel%2Ftypes%2Fdownload%2F%40babel%2Ftypes-7.13.14.tgz",
      "integrity": "sha1-w1pKuxXHzUWidG14qzKONiy6zg0=",
      "peer": true,
      "requires": {
        "@babel/helper-validator-identifier": "^7.12.11",
        "lodash": "^4.17.19",
        "to-fast-properties": "^2.0.0"
      }
    },
    "@vue/compiler-core": {
      "version": "3.0.11",
      "resolved": "https://registry.npm.taobao.org/@vue/compiler-core/download/@vue/compiler-core-3.0.11.tgz",
      "integrity": "sha1-XvV55G17M2uHNSKHWNHCxQWq5po=",
      "peer": true,
      "requires": {
        "@babel/parser": "^7.12.0",
        "@babel/types": "^7.12.0",
        "@vue/shared": "3.0.11",
        "estree-walker": "^2.0.1",
        "source-map": "^0.6.1"
      }
    },
    "@vue/compiler-dom": {
      "version": "3.0.11",
      "resolved": "https://registry.npm.taobao.org/@vue/compiler-dom/download/@vue/compiler-dom-3.0.11.tgz",
      "integrity": "sha1-sV/ByQk3H9ZxdGAgulW12rSnMO4=",
      "peer": true,
      "requires": {
        "@vue/compiler-core": "3.0.11",
        "@vue/shared": "3.0.11"
      }
    },
    "@vue/reactivity": {
      "version": "3.0.11",
      "resolved": "https://registry.npm.taobao.org/@vue/reactivity/download/@vue/reactivity-3.0.11.tgz",
      "integrity": "sha1-B7WINJ/QViaxfzUAy+99S9tNvQs=",
      "peer": true,
      "requires": {
        "@vue/shared": "3.0.11"
      }
    },
    "@vue/runtime-core": {
      "version": "3.0.11",
      "resolved": "https://registry.npm.taobao.org/@vue/runtime-core/download/@vue/runtime-core-3.0.11.tgz",
      "integrity": "sha1-xS38as8yFUk2I1UsHCkZCAxWLkQ=",
      "peer": true,
      "requires": {
        "@vue/reactivity": "3.0.11",
        "@vue/shared": "3.0.11"
      }
    },
    "@vue/runtime-dom": {
      "version": "3.0.11",
      "resolved": "https://registry.npm.taobao.org/@vue/runtime-dom/download/@vue/runtime-dom-3.0.11.tgz",
      "integrity": "sha1-elUt8hkHlCch/raWHEGOIippkzc=",
      "peer": true,
      "requires": {
        "@vue/runtime-core": "3.0.11",
        "@vue/shared": "3.0.11",
        "csstype": "^2.6.8"
      }
    },
    "@vue/shared": {
      "version": "3.0.11",
      "resolved": "https://registry.npm.taobao.org/@vue/shared/download/@vue/shared-3.0.11.tgz",
      "integrity": "sha1-INIt0Np9NYuyHBf5vehigVJkLHc=",
      "peer": true
    },
    "csstype": {
      "version": "2.6.16",
      "resolved": "https://registry.npm.taobao.org/csstype/download/csstype-2.6.16.tgz?cache=0&sync_timestamp=1614159885468&other_urls=https%3A%2F%2Fregistry.npm.taobao.org%2Fcsstype%2Fdownload%2Fcsstype-2.6.16.tgz",
      "integrity": "sha1-VE1p9UcBO4WkDRW/912zjzT+nDk=",
      "peer": true
    },
    "estree-walker": {
      "version": "2.0.2",
      "resolved": "https://registry.npm.taobao.org/estree-walker/download/estree-walker-2.0.2.tgz",
      "integrity": "sha1-UvAQF4wqTBF6d1fP6UKtt9LaTKw=",
      "peer": true
    },
    "lodash": {
      "version": "4.17.21",
      "resolved": "https://registry.npm.taobao.org/lodash/download/lodash-4.17.21.tgz",
      "integrity": "sha1-Z5WRxWTDv/quhFTPCz3zcMPWkRw=",
      "peer": true
    },
    "lodash.throttle": {
      "version": "4.1.1",
      "resolved": "https://registry.npm.taobao.org/lodash.throttle/download/lodash.throttle-4.1.1.tgz",
      "integrity": "sha1-wj6RtxAkKscMN/HhzaknTMOb8vQ="
    },
    "resize-observer-polyfill": {
      "version": "1.5.1",
      "resolved": "https://registry.npm.taobao.org/resize-observer-polyfill/download/resize-observer-polyfill-1.5.1.tgz",
      "integrity": "sha1-DpAg3T0hAkRY1OvSfiPkAmmBBGQ="
    },
    "source-map": {
      "version": "0.6.1",
      "resolved": "https://registry.npm.taobao.org/source-map/download/source-map-0.6.1.tgz",
      "integrity": "sha1-dHIq8y6WFOnCh6jQu95IteLxomM=",
      "peer": true
    },
    "to-fast-properties": {
      "version": "2.0.0",
      "resolved": "https://registry.npm.taobao.org/to-fast-properties/download/to-fast-properties-2.0.0.tgz",
      "integrity": "sha1-3F5pjL0HkmW8c+A3doGk5Og/YW4=",
      "peer": true
    },
    "vue": {
      "version": "3.0.11",
      "resolved": "https://registry.npm.taobao.org/vue/download/vue-3.0.11.tgz",
      "integrity": "sha1-yC+VlMv03MhpJB1MjdPgjZqPS18=",
      "peer": true,
      "requires": {
        "@vue/compiler-dom": "3.0.11",
        "@vue/runtime-dom": "3.0.11",
        "@vue/shared": "3.0.11"
      }
    }
  }
}
